// !$*UTF8*$!
{
	archiveVersion = 1;
	classes = {
	};
	objectVersion = 77;
	objects = {

/* Begin PBXBuildFile section */
		9F360A213F2C40018CE44546 /* KueWidget.appex in Embed Foundation Extensions */ = {isa = PBXBuildFile; fileRef = E77018D0EA8847A2BE14C67A /* KueWidget.appex */; settings = {ATTRIBUTES = (RemoveHeadersOnCopy, ); }; };
		DFF74F03DAFED384921E846C /* KueShare.appex in Embed Foundation Extensions */ = {isa = PBXBuildFile; fileRef = 3DF5DEF77F56BF1B8D8855F9 /* KueShare.appex */; settings = {ATTRIBUTES = (RemoveHeadersOnCopy, ); }; };
/* End PBXBuildFile section */

/* Begin PBXContainerItemProxy section */
		2678A5B7303DFB6400C1188B /* PBXContainerItemProxy */ = {
			isa = PBXContainerItemProxy;
			containerPortal = 2678A59F303DFB6300C1188B /* Project object */;
			proxyType = 1;
			remoteGlobalIDString = 2678A5A6303DFB6300C1188B;
			remoteInfo = Kue;
		};
		2678A5C1303DFB6400C1188B /* PBXContainerItemProxy */ = {
			isa = PBXContainerItemProxy;
			containerPortal = 2678A59F303DFB6300C1188B /* Project object */;
			proxyType = 1;
			remoteGlobalIDString = 2678A5A6303DFB6300C1188B;
			remoteInfo = Kue;
		};
		46C554EB59974645A2424EB9 /* PBXContainerItemProxy */ = {
			isa = PBXContainerItemProxy;
			containerPortal = 2678A59F303DFB6300C1188B /* Project object */;
			proxyType = 1;
			remoteGlobalIDString = 51131C3C87C242E89BC3120D;
			remoteInfo = KueWidget;
		};
		8E4414307005CE9EBF413FFD /* PBXContainerItemProxy */ = {
			isa = PBXContainerItemProxy;
			containerPortal = 2678A59F303DFB6300C1188B /* Project object */;
			proxyType = 1;
			remoteGlobalIDString = 959B72BFB1B17F264687FCC2;
			remoteInfo = KueShare;
		};
/* End PBXContainerItemProxy section */

/* Begin PBXCopyFilesBuildPhase section */
		9ED178D569EE4D25A39FCDF5 /* Embed Foundation Extensions */ = {
			isa = PBXCopyFilesBuildPhase;
			buildActionMask = 2147483647;
			dstPath = "";
			dstSubfolderSpec = 13;
			files = (
				9F360A213F2C40018CE44546 /* KueWidget.appex in Embed Foundation Extensions */,
				DFF74F03DAFED384921E846C /* KueShare.appex in Embed Foundation Extensions */,
			);
			name = "Embed Foundation Extensions";
			runOnlyForDeploymentPostprocessing = 0;
		};
/* End PBXCopyFilesBuildPhase section */

/* Begin PBXFileReference section */
		2678A5A7303DFB6300C1188B /* Kue.app */ = {isa = PBXFileReference; explicitFileType = wrapper.application; includeInIndex = 0; path = Kue.app; sourceTree = BUILT_PRODUCTS_DIR; };
		2678A5B6303DFB6400C1188B /* KueTests.xctest */ = {isa = PBXFileReference; explicitFileType = wrapper.cfbundle; includeInIndex = 0; path = KueTests.xctest; sourceTree = BUILT_PRODUCTS_DIR; };
		2678A5C0303DFB6400C1188B /* KueUITests.xctest */ = {isa = PBXFileReference; explicitFileType = wrapper.cfbundle; includeInIndex = 0; path = KueUITests.xctest; sourceTree = BUILT_PRODUCTS_DIR; };
		3DF5DEF77F56BF1B8D8855F9 /* KueShare.appex */ = {isa = PBXFileReference; explicitFileType = "wrapper.app-extension"; includeInIndex = 0; path = KueShare.appex; sourceTree = BUILT_PRODUCTS_DIR; };
		E77018D0EA8847A2BE14C67A /* KueWidget.appex */ = {isa = PBXFileReference; explicitFileType = "wrapper.app-extension"; includeInIndex = 0; path = KueWidget.appex; sourceTree = BUILT_PRODUCTS_DIR; };
/* End PBXFileReference section */

/* Begin PBXFileSystemSynchronizedBuildFileExceptionSet section */
		3BB75FAFA648029E09F711D7 /* Exceptions for "KueShare" folder in "KueShare" target */ = {
			isa = PBXFileSystemSynchronizedBuildFileExceptionSet;
			membershipExceptions = (
				Info.plist,
			);
			target = 959B72BFB1B17F264687FCC2 /* KueShare */;
		};
		66D0B89D379F476E9AFE9968 /* Exceptions for "KueWidget" folder in "KueWidget" target */ = {
			isa = PBXFileSystemSynchronizedBuildFileExceptionSet;
			membershipExceptions = (
				Info.plist,
			);
			target = 51131C3C87C242E89BC3120D /* KueWidget */;
		};
		A3B1C2D3E4F5061728394A5B /* Exceptions for "Kue" folder in "Kue" target */ = {
			isa = PBXFileSystemSynchronizedBuildFileExceptionSet;
			membershipExceptions = (
				Info.plist,
			);
			target = 2678A5A6303DFB6300C1188B /* Kue */;
		};
		C70FEA0CE5330D431747B4A9 /* Exceptions for "Kue" folder in "KueShare" target */ = {
			isa = PBXFileSystemSynchronizedBuildFileExceptionSet;
			membershipExceptions = (
				Info.plist,
				KueApp.swift,
			);
			target = 959B72BFB1B17F264687FCC2 /* KueShare */;
		};
/* End PBXFileSystemSynchronizedBuildFileExceptionSet section */

/* Begin PBXFileSystemSynchronizedRootGroup section */
		2678A5A9303DFB6300C1188B /* Kue */ = {
			isa = PBXFileSystemSynchronizedRootGroup;
			exceptions = (
				A3B1C2D3E4F5061728394A5B /* Exceptions for "Kue" folder in "Kue" target */,
				C70FEA0CE5330D431747B4A9 /* Exceptions for "Kue" folder in "KueShare" target */,
			);
			path = Kue;
			sourceTree = "<group>";
		};
		2678A5B9303DFB6400C1188B /* KueTests */ = {
			isa = PBXFileSystemSynchronizedRootGroup;
			path = KueTests;
			sourceTree = "<group>";
		};
		2678A5C3303DFB6400C1188B /* KueUITests */ = {
			isa = PBXFileSystemSynchronizedRootGroup;
			path = KueUITests;
			sourceTree = "<group>";
		};
		271E3D159C5E4D9F9FC97245 /* Shared */ = {
			isa = PBXFileSystemSynchronizedRootGroup;
			path = Shared;
			sourceTree = "<group>";
		};
		4DB8A4220245BF2A7ACD27FC /* KueShare */ = {
			isa = PBXFileSystemSynchronizedRootGroup;
			exceptions = (
				3BB75FAFA648029E09F711D7 /* Exceptions for "KueShare" folder in "KueShare" target */,
			);
			path = KueShare;
			sourceTree = "<group>";
		};
		E2A1ABA6DECD4EB99174FE46 /* KueWidget */ = {
			isa = PBXFileSystemSynchronizedRootGroup;
			exceptions = (
				66D0B89D379F476E9AFE9968 /* Exceptions for "KueWidget" folder in "KueWidget" target */,
			);
			path = KueWidget;
			sourceTree = "<group>";
		};
/* End PBXFileSystemSynchronizedRootGroup section */

/* Begin PBXFrameworksBuildPhase section */
		0BC85BCE593710B636CF77D5 /* Frameworks */ = {
			isa = PBXFrameworksBuildPhase;
			buildActionMask = 2147483647;
			files = (
			);
			runOnlyForDeploymentPostprocessing = 0;
		};
		2678A5A4303DFB6300C1188B /* Frameworks */ = {
			isa = PBXFrameworksBuildPhase;
			buildActionMask = 2147483647;
			files = (
			);
			runOnlyForDeploymentPostprocessing = 0;
		};
		2678A5B3303DFB6400C1188B /* Frameworks */ = {
			isa = PBXFrameworksBuildPhase;
			buildActionMask = 2147483647;
			files = (
			);
			runOnlyForDeploymentPostprocessing = 0;
		};
		2678A5BD303DFB6400C1188B /* Frameworks */ = {
			isa = PBXFrameworksBuildPhase;
			buildActionMask = 2147483647;
			files = (
			);
			runOnlyForDeploymentPostprocessing = 0;
		};
		BD61C278151D4FF6802C481D /* Frameworks */ = {
			isa = PBXFrameworksBuildPhase;
			buildActionMask = 2147483647;
			files = (
			);
			runOnlyForDeploymentPostprocessing = 0;
		};
/* End PBXFrameworksBuildPhase section */

/* Begin PBXGroup section */
		2678A59E303DFB6300C1188B = {
			isa = PBXGroup;
			children = (
				2678A5A9303DFB6300C1188B /* Kue */,
				E2A1ABA6DECD4EB99174FE46 /* KueWidget */,
				4DB8A4220245BF2A7ACD27FC /* KueShare */,
				271E3D159C5E4D9F9FC97245 /* Shared */,
				2678A5B9303DFB6400C1188B /* KueTests */,
				2678A5C3303DFB6400C1188B /* KueUITests */,
				2678A5A8303DFB6300C1188B /* Products */,
			);
			sourceTree = "<group>";
		};
		2678A5A8303DFB6300C1188B /* Products */ = {
			isa = PBXGroup;
			children = (
				2678A5A7303DFB6300C1188B /* Kue.app */,
				E77018D0EA8847A2BE14C67A /* KueWidget.appex */,
				3DF5DEF77F56BF1B8D8855F9 /* KueShare.appex */,
				2678A5B6303DFB6400C1188B /* KueTests.xctest */,
				2678A5C0303DFB6400C1188B /* KueUITests.xctest */,
			);
			name = Products;
			sourceTree = "<group>";
		};
/* End PBXGroup section */

/* Begin PBXNativeTarget section */
		2678A5A6303DFB6300C1188B /* Kue */ = {
			isa = PBXNativeTarget;
			buildConfigurationList = 2678A5CA303DFB6400C1188B /* Build configuration list for PBXNativeTarget "Kue" */;
			buildPhases = (
				2678A5A3303DFB6300C1188B /* Sources */,
				2678A5A4303DFB6300C1188B /* Frameworks */,
				2678A5A5303DFB6300C1188B /* Resources */,
				9ED178D569EE4D25A39FCDF5 /* Embed Foundation Extensions */,
			);
			buildRules = (
			);
			dependencies = (
				91B588D9FD794A368CD14164 /* PBXTargetDependency */,
				3855DBD88D8346125CAE4649 /* PBXTargetDependency */,
			);
			fileSystemSynchronizedGroups = (
				2678A5A9303DFB6300C1188B /* Kue */,
				271E3D159C5E4D9F9FC97245 /* Shared */,
			);
			name = Kue;
			packageProductDependencies = (
			);
			productName = Kue;
			productReference = 2678A5A7303DFB6300C1188B /* Kue.app */;
			productType = "com.apple.product-type.application";
		};
		2678A5B5303DFB6400C1188B /* KueTests */ = {
			isa = PBXNativeTarget;
			buildConfigurationList = 2678A5CD303DFB6400C1188B /* Build configuration list for PBXNativeTarget "KueTests" */;
			buildPhases = (
				2678A5B2303DFB6400C1188B /* Sources */,
				2678A5B3303DFB6400C1188B /* Frameworks */,
				2678A5B4303DFB6400C1188B /* Resources */,
			);
			buildRules = (
			);
			dependencies = (
				2678A5B8303DFB6400C1188B /* PBXTargetDependency */,
			);
			fileSystemSynchronizedGroups = (
				2678A5B9303DFB6400C1188B /* KueTests */,
			);
			name = KueTests;
			packageProductDependencies = (
			);
			productName = KueTests;
			productReference = 2678A5B6303DFB6400C1188B /* KueTests.xctest */;
			productType = "com.apple.product-type.bundle.unit-test";
		};
		2678A5BF303DFB6400C1188B /* KueUITests */ = {
			isa = PBXNativeTarget;
			buildConfigurationList = 2678A5D0303DFB6400C1188B /* Build configuration list for PBXNativeTarget "KueUITests" */;
			buildPhases = (
				2678A5BC303DFB6400C1188B /* Sources */,
				2678A5BD303DFB6400C1188B /* Frameworks */,
				2678A5BE303DFB6400C1188B /* Resources */,
			);
			buildRules = (
			);
			dependencies = (
				2678A5C2303DFB6400C1188B /* PBXTargetDependency */,
			);
			fileSystemSynchronizedGroups = (
				2678A5C3303DFB6400C1188B /* KueUITests */,
			);
			name = KueUITests;
			packageProductDependencies = (
			);
			productName = KueUITests;
			productReference = 2678A5C0303DFB6400C1188B /* KueUITests.xctest */;
			productType = "com.apple.product-type.bundle.ui-testing";
		};
		51131C3C87C242E89BC3120D /* KueWidget */ = {
			isa = PBXNativeTarget;
			buildConfigurationList = E7670B6C18E1495D9F16A4BF /* Build configuration list for PBXNativeTarget "KueWidget" */;
			buildPhases = (
				2463E69912B44AEBAC602801 /* Sources */,
				BD61C278151D4FF6802C481D /* Frameworks */,
				5C3113E677A24A3AA73FD415 /* Resources */,
			);
			buildRules = (
			);
			dependencies = (
			);
			fileSystemSynchronizedGroups = (
				271E3D159C5E4D9F9FC97245 /* Shared */,
				E2A1ABA6DECD4EB99174FE46 /* KueWidget */,
			);
			name = KueWidget;
			packageProductDependencies = (
			);
			productName = KueWidget;
			productReference = E77018D0EA8847A2BE14C67A /* KueWidget.appex */;
			productType = "com.apple.product-type.app-extension";
		};
		959B72BFB1B17F264687FCC2 /* KueShare */ = {
			isa = PBXNativeTarget;
			buildConfigurationList = 68044CB40E3A42142F7ACB9F /* Build configuration list for PBXNativeTarget "KueShare" */;
			buildPhases = (
				98E6F93162D470EC5639813B /* Sources */,
				0BC85BCE593710B636CF77D5 /* Frameworks */,
				0B78CAF79016EDB7E38B9B83 /* Resources */,
			);
			buildRules = (
			);
			dependencies = (
			);
			fileSystemSynchronizedGroups = (
				2678A5A9303DFB6300C1188B /* Kue */,
				271E3D159C5E4D9F9FC97245 /* Shared */,
				4DB8A4220245BF2A7ACD27FC /* KueShare */,
			);
			name = KueShare;
			packageProductDependencies = (
			);
			productName = KueShare;
			productReference = 3DF5DEF77F56BF1B8D8855F9 /* KueShare.appex */;
			productType = "com.apple.product-type.app-extension";
		};
/* End PBXNativeTarget section */

/* Begin PBXProject section */
		2678A59F303DFB6300C1188B /* Project object */ = {
			isa = PBXProject;
			attributes = {
				BuildIndependentTargetsInParallel = 1;
				LastSwiftUpdateCheck = 2660;
				LastUpgradeCheck = 2660;
				TargetAttributes = {
					2678A5A6303DFB6300C1188B = {
						CreatedOnToolsVersion = 26.6;
					};
					2678A5B5303DFB6400C1188B = {
						CreatedOnToolsVersion = 26.6;
						TestTargetID = 2678A5A6303DFB6300C1188B;
					};
					2678A5BF303DFB6400C1188B = {
						CreatedOnToolsVersion = 26.6;
						TestTargetID = 2678A5A6303DFB6300C1188B;
					};
					51131C3C87C242E89BC3120D = {
						CreatedOnToolsVersion = 26.6;
					};
					959B72BFB1B17F264687FCC2 = {
						CreatedOnToolsVersion = 26.6;
					};
				};
			};
			buildConfigurationList = 2678A5A2303DFB6300C1188B /* Build configuration list for PBXProject "Kue" */;
			developmentRegion = en;
			hasScannedForEncodings = 0;
			knownRegions = (
				en,
				Base,
			);
			mainGroup = 2678A59E303DFB6300C1188B;
			minimizedProjectReferenceProxies = 1;
			preferredProjectObjectVersion = 77;
			productRefGroup = 2678A5A8303DFB6300C1188B /* Products */;
			projectDirPath = "";
			projectRoot = "";
			targets = (
				2678A5A6303DFB6300C1188B /* Kue */,
				51131C3C87C242E89BC3120D /* KueWidget */,
				959B72BFB1B17F264687FCC2 /* KueShare */,
				2678A5B5303DFB6400C1188B /* KueTests */,
				2678A5BF303DFB6400C1188B /* KueUITests */,
			);
		};
/* End PBXProject section */

/* Begin PBXResourcesBuildPhase section */
		0B78CAF79016EDB7E38B9B83 /* Resources */ = {
			isa = PBXResourcesBuildPhase;
			buildActionMask = 2147483647;
			files = (
			);
			runOnlyForDeploymentPostprocessing = 0;
		};
		2678A5A5303DFB6300C1188B /* Resources */ = {
			isa = PBXResourcesBuildPhase;
			buildActionMask = 2147483647;
			files = (
			);
			runOnlyForDeploymentPostprocessing = 0;
		};
		2678A5B4303DFB6400C1188B /* Resources */ = {
			isa = PBXResourcesBuildPhase;
			buildActionMask = 2147483647;
			files = (
			);
			runOnlyForDeploymentPostprocessing = 0;
		};
		2678A5BE303DFB6400C1188B /* Resources */ = {
			isa = PBXResourcesBuildPhase;
			buildActionMask = 2147483647;
			files = (
			);
			runOnlyForDeploymentPostprocessing = 0;
		};
		5C3113E677A24A3AA73FD415 /* Resources */ = {
			isa = PBXResourcesBuildPhase;
			buildActionMask = 2147483647;
			files = (
			);
			runOnlyForDeploymentPostprocessing = 0;
		};
/* End PBXResourcesBuildPhase section */

/* Begin PBXSourcesBuildPhase section */
		2463E69912B44AEBAC602801 /* Sources */ = {
			isa = PBXSourcesBuildPhase;
			buildActionMask = 2147483647;
			files = (
			);
			runOnlyForDeploymentPostprocessing = 0;
		};
		2678A5A3303DFB6300C1188B /* Sources */ = {
			isa = PBXSourcesBuildPhase;
			buildActionMask = 2147483647;
			files = (
			);
			runOnlyForDeploymentPostprocessing = 0;
		};
		2678A5B2303DFB6400C1188B /* Sources */ = {
			isa = PBXSourcesBuildPhase;
			buildActionMask = 2147483647;
			files = (
			);
			runOnlyForDeploymentPostprocessing = 0;
		};
		2678A5BC303DFB6400C1188B /* Sources */ = {
			isa = PBXSourcesBuildPhase;
			buildActionMask = 2147483647;
			files = (
			);
			runOnlyForDeploymentPostprocessing = 0;
		};
		98E6F93162D470EC5639813B /* Sources */ = {
			isa = PBXSourcesBuildPhase;
			buildActionMask = 2147483647;
			files = (
			);
			runOnlyForDeploymentPostprocessing = 0;
		};
/* End PBXSourcesBuildPhase section */

/* Begin PBXTargetDependency section */
		2678A5B8303DFB6400C1188B /* PBXTargetDependency */ = {
			isa = PBXTargetDependency;
			target = 2678A5A6303DFB6300C1188B /* Kue */;
			targetProxy = 2678A5B7303DFB6400C1188B /* PBXContainerItemProxy */;
		};
		2678A5C2303DFB6400C1188B /* PBXTargetDependency */ = {
			isa = PBXTargetDependency;
			target = 2678A5A6303DFB6300C1188B /* Kue */;
			targetProxy = 2678A5C1303DFB6400C1188B /* PBXContainerItemProxy */;
		};
		3855DBD88D8346125CAE4649 /* PBXTargetDependency */ = {
			isa = PBXTargetDependency;
			target = 959B72BFB1B17F264687FCC2 /* KueShare */;
			targetProxy = 8E4414307005CE9EBF413FFD /* PBXContainerItemProxy */;
		};
		91B588D9FD794A368CD14164 /* PBXTargetDependency */ = {
			isa = PBXTargetDependency;
			target = 51131C3C87C242E89BC3120D /* KueWidget */;
			targetProxy = 46C554EB59974645A2424EB9 /* PBXContainerItemProxy */;
		};
/* End PBXTargetDependency section */

/* Begin XCBuildConfiguration section */
		2678A5C8303DFB6400C1188B /* Debug */ = {
			isa = XCBuildConfiguration;
			buildSettings = {
				ALWAYS_SEARCH_USER_PATHS = NO;
				ASSETCATALOG_COMPILER_GENERATE_SWIFT_ASSET_SYMBOL_EXTENSIONS = YES;
				CLANG_ANALYZER_NONNULL = YES;
				CLANG_ANALYZER_NUMBER_OBJECT_CONVERSION = YES_AGGRESSIVE;
				CLANG_CXX_LANGUAGE_STANDARD = "gnu++20";
				CLANG_ENABLE_MODULES = YES;
				CLANG_ENABLE_OBJC_ARC = YES;
				CLANG_ENABLE_OBJC_WEAK = YES;
				CLANG_WARN_BLOCK_CAPTURE_AUTORELEASING = YES;
				CLANG_WARN_BOOL_CONVERSION = YES;
				CLANG_WARN_COMMA = YES;
				CLANG_WARN_CONSTANT_CONVERSION = YES;
				CLANG_WARN_DEPRECATED_OBJC_IMPLEMENTATIONS = YES;
				CLANG_WARN_DIRECT_OBJC_ISA_USAGE = YES_ERROR;
				CLANG_WARN_DOCUMENTATION_COMMENTS = YES;
				CLANG_WARN_EMPTY_BODY = YES;
				CLANG_WARN_ENUM_CONVERSION = YES;
				CLANG_WARN_INFINITE_RECURSION = YES;
				CLANG_WARN_INT_CONVERSION = YES;
				CLANG_WARN_NON_LITERAL_NULL_CONVERSION = YES;
				CLANG_WARN_OBJC_IMPLICIT_RETAIN_SELF = YES;
				CLANG_WARN_OBJC_LITERAL_CONVERSION = YES;
				CLANG_WARN_OBJC_ROOT_CLASS = YES_ERROR;
				CLANG_WARN_QUOTED_INCLUDE_IN_FRAMEWORK_HEADER = YES;
				CLANG_WARN_RANGE_LOOP_ANALYSIS = YES;
				CLANG_WARN_STRICT_PROTOTYPES = YES;
				CLANG_WARN_SUSPICIOUS_MOVE = YES;
				CLANG_WARN_UNGUARDED_AVAILABILITY = YES_AGGRESSIVE;
				CLANG_WARN_UNREACHABLE_CODE = YES;
				CLANG_WARN__DUPLICATE_METHOD_MATCH = YES;
				COPY_PHASE_STRIP = NO;
				DEBUG_INFORMATION_FORMAT = dwarf;
				ENABLE_STRICT_OBJC_MSGSEND = YES;
				ENABLE_TESTABILITY = YES;
				ENABLE_USER_SCRIPT_SANDBOXING = YES;
				GCC_C_LANGUAGE_STANDARD = gnu17;
				GCC_DYNAMIC_NO_PIC = NO;
				GCC_NO_COMMON_BLOCKS = YES;
				GCC_OPTIMIZATION_LEVEL = 0;
				GCC_PREPROCESSOR_DEFINITIONS = (
					"DEBUG=1",
					"$(inherited)",
				);
				GCC_WARN_64_TO_32_BIT_CONVERSION = YES;
				GCC_WARN_ABOUT_RETURN_TYPE = YES_ERROR;
				GCC_WARN_UNDECLARED_SELECTOR = YES;
				GCC_WARN_UNINITIALIZED_AUTOS = YES_AGGRESSIVE;
				GCC_WARN_UNUSED_FUNCTION = YES;
				GCC_WARN_UNUSED_VARIABLE = YES;
				IPHONEOS_DEPLOYMENT_TARGET = 26.5;
				LOCALIZATION_PREFERS_STRING_CATALOGS = YES;
				MTL_ENABLE_DEBUG_INFO = INCLUDE_SOURCE;
				MTL_FAST_MATH = YES;
				ONLY_ACTIVE_ARCH = YES;
				SDKROOT = iphoneos;
				SWIFT_ACTIVE_COMPILATION_CONDITIONS = "DEBUG $(inherited)";
				SWIFT_OPTIMIZATION_LEVEL = "-Onone";
			};
			name = Debug;
		};
		2678A5C9303DFB6400C1188B /* Release */ = {
			isa = XCBuildConfiguration;
			buildSettings = {
				ALWAYS_SEARCH_USER_PATHS = NO;
				ASSETCATALOG_COMPILER_GENERATE_SWIFT_ASSET_SYMBOL_EXTENSIONS = YES;
				CLANG_ANALYZER_NONNULL = YES;
				CLANG_ANALYZER_NUMBER_OBJECT_CONVERSION = YES_AGGRESSIVE;
				CLANG_CXX_LANGUAGE_STANDARD = "gnu++20";
				CLANG_ENABLE_MODULES = YES;
				CLANG_ENABLE_OBJC_ARC = YES;
				CLANG_ENABLE_OBJC_WEAK = YES;
				CLANG_WARN_BLOCK_CAPTURE_AUTORELEASING = YES;
				CLANG_WARN_BOOL_CONVERSION = YES;
				CLANG_WARN_COMMA = YES;
				CLANG_WARN_CONSTANT_CONVERSION = YES;
				CLANG_WARN_DEPRECATED_OBJC_IMPLEMENTATIONS = YES;
				CLANG_WARN_DIRECT_OBJC_ISA_USAGE = YES_ERROR;
				CLANG_WARN_DOCUMENTATION_COMMENTS = YES;
				CLANG_WARN_EMPTY_BODY = YES;
				CLANG_WARN_ENUM_CONVERSION = YES;
				CLANG_WARN_INFINITE_RECURSION = YES;
				CLANG_WARN_INT_CONVERSION = YES;
				CLANG_WARN_NON_LITERAL_NULL_CONVERSION = YES;
				CLANG_WARN_OBJC_IMPLICIT_RETAIN_SELF = YES;
				CLANG_WARN_OBJC_LITERAL_CONVERSION = YES;
				CLANG_WARN_OBJC_ROOT_CLASS = YES_ERROR;
				CLANG_WARN_QUOTED_INCLUDE_IN_FRAMEWORK_HEADER = YES;
				CLANG_WARN_RANGE_LOOP_ANALYSIS = YES;
				CLANG_WARN_STRICT_PROTOTYPES = YES;
				CLANG_WARN_SUSPICIOUS_MOVE = YES;
				CLANG_WARN_UNGUARDED_AVAILABILITY = YES_AGGRESSIVE;
				CLANG_WARN_UNREACHABLE_CODE = YES;
				CLANG_WARN__DUPLICATE_METHOD_MATCH = YES;
				COPY_PHASE_STRIP = NO;
				DEBUG_INFORMATION_FORMAT = "dwarf-with-dsym";
				ENABLE_NS_ASSERTIONS = NO;
				ENABLE_STRICT_OBJC_MSGSEND = YES;
				ENABLE_USER_SCRIPT_SANDBOXING = YES;
				GCC_C_LANGUAGE_STANDARD = gnu17;
				GCC_NO_COMMON_BLOCKS = YES;
				GCC_WARN_64_TO_32_BIT_CONVERSION = YES;
				GCC_WARN_ABOUT_RETURN_TYPE = YES_ERROR;
				GCC_WARN_UNDECLARED_SELECTOR = YES;
				GCC_WARN_UNINITIALIZED_AUTOS = YES_AGGRESSIVE;
				GCC_WARN_UNUSED_FUNCTION = YES;
				GCC_WARN_UNUSED_VARIABLE = YES;
				IPHONEOS_DEPLOYMENT_TARGET = 26.5;
				LOCALIZATION_PREFERS_STRING_CATALOGS = YES;
				MTL_ENABLE_DEBUG_INFO = NO;
				MTL_FAST_MATH = YES;
				SDKROOT = iphoneos;
				SWIFT_COMPILATION_MODE = wholemodule;
				VALIDATE_PRODUCT = YES;
			};
			name = Release;
		};
		2678A5CB303DFB6400C1188B /* Debug */ = {
			isa = XCBuildConfiguration;
			buildSettings = {
				ASSETCATALOG_COMPILER_APPICON_NAME = AppIcon;
				ASSETCATALOG_COMPILER_GLOBAL_ACCENT_COLOR_NAME = AccentColor;
				CODE_SIGN_ENTITLEMENTS = Kue/Kue.entitlements;
				CODE_SIGN_IDENTITY = "Apple Development";
				CODE_SIGN_STYLE = Automatic;
				CURRENT_PROJECT_VERSION = 1;
				DEVELOPMENT_TEAM = N77N525X68;
				ENABLE_PREVIEWS = YES;
				GENERATE_INFOPLIST_FILE = YES;
				INFOPLIST_FILE = Kue/Info.plist;
				INFOPLIST_KEY_NSCalendarsFullAccessUsageDescription = "Kue uses Calendar access to let you import existing events into editable Kue events, and to add or update Kue events you explicitly choose to export.";
				INFOPLIST_KEY_NSCalendarsWriteOnlyAccessUsageDescription = "Kue uses Calendar access to add or update events you explicitly export from Kue.";
				INFOPLIST_KEY_NSMicrophoneUsageDescription = "Kue uses the microphone so you can dictate event details. Audio is processed on-device and is never uploaded or kept after transcription.";
				INFOPLIST_KEY_NSSpeechRecognitionUsageDescription = "Kue uses on-device speech recognition to turn what you say into event details. Kue never sends your voice to a server.";
				INFOPLIST_KEY_UIApplicationSceneManifest_Generation = YES;
				INFOPLIST_KEY_UIApplicationSupportsIndirectInputEvents = YES;
				INFOPLIST_KEY_UILaunchScreen_Generation = YES;
				INFOPLIST_KEY_UISupportedInterfaceOrientations_iPad = "UIInterfaceOrientationPortrait UIInterfaceOrientationPortraitUpsideDown UIInterfaceOrientationLandscapeLeft UIInterfaceOrientationLandscapeRight";
				INFOPLIST_KEY_UISupportedInterfaceOrientations_iPhone = "UIInterfaceOrientationPortrait UIInterfaceOrientationLandscapeLeft UIInterfaceOrientationLandscapeRight";
				LD_RUNPATH_SEARCH_PATHS = (
					"$(inherited)",
					"@executable_path/Frameworks",
				);
				MARKETING_VERSION = 1.0;
				PRODUCT_BUNDLE_IDENTIFIER = com.kanishkgandecha.Kue;
				PRODUCT_NAME = "$(TARGET_NAME)";
				PROVISIONING_PROFILE_SPECIFIER = "";
				STRING_CATALOG_GENERATE_SYMBOLS = YES;
				SWIFT_APPROACHABLE_CONCURRENCY = YES;
				SWIFT_DEFAULT_ACTOR_ISOLATION = MainActor;
				SWIFT_EMIT_LOC_STRINGS = YES;
				SWIFT_UPCOMING_FEATURE_MEMBER_IMPORT_VISIBILITY = YES;
				SWIFT_VERSION = 5.0;
				TARGETED_DEVICE_FAMILY = "1,2";
			};
			name = Debug;
		};
		2678A5CC303DFB6400C1188B /* Release */ = {
			isa = XCBuildConfiguration;
			buildSettings = {
				ASSETCATALOG_COMPILER_APPICON_NAME = AppIcon;
				ASSETCATALOG_COMPILER_GLOBAL_ACCENT_COLOR_NAME = AccentColor;
				CODE_SIGN_ENTITLEMENTS = Kue/Kue.entitlements;
				CODE_SIGN_IDENTITY = "Apple Development";
				CODE_SIGN_STYLE = Automatic;
				CURRENT_PROJECT_VERSION = 1;
				DEVELOPMENT_TEAM = N77N525X68;
				ENABLE_PREVIEWS = YES;
				GENERATE_INFOPLIST_FILE = YES;
				INFOPLIST_FILE = Kue/Info.plist;
				INFOPLIST_KEY_NSCalendarsFullAccessUsageDescription = "Kue uses Calendar access to let you import existing events into editable Kue events, and to add or update Kue events you explicitly choose to export.";
				INFOPLIST_KEY_NSCalendarsWriteOnlyAccessUsageDescription = "Kue uses Calendar access to add or update events you explicitly export from Kue.";
				INFOPLIST_KEY_NSMicrophoneUsageDescription = "Kue uses the microphone so you can dictate event details. Audio is processed on-device and is never uploaded or kept after transcription.";
				INFOPLIST_KEY_NSSpeechRecognitionUsageDescription = "Kue uses on-device speech recognition to turn what you say into event details. Kue never sends your voice to a server.";
				INFOPLIST_KEY_UIApplicationSceneManifest_Generation = YES;
				INFOPLIST_KEY_UIApplicationSupportsIndirectInputEvents = YES;
				INFOPLIST_KEY_UILaunchScreen_Generation = YES;
				INFOPLIST_KEY_UISupportedInterfaceOrientations_iPad = "UIInterfaceOrientationPortrait UIInterfaceOrientationPortraitUpsideDown UIInterfaceOrientationLandscapeLeft UIInterfaceOrientationLandscapeRight";
				INFOPLIST_KEY_UISupportedInterfaceOrientations_iPhone = "UIInterfaceOrientationPortrait UIInterfaceOrientationLandscapeLeft UIInterfaceOrientationLandscapeRight";
				LD_RUNPATH_SEARCH_PATHS = (
					"$(inherited)",
					"@executable_path/Frameworks",
				);
				MARKETING_VERSION = 1.0;
				PRODUCT_BUNDLE_IDENTIFIER = com.kanishkgandecha.Kue;
				PRODUCT_NAME = "$(TARGET_NAME)";
				PROVISIONING_PROFILE_SPECIFIER = "";
				STRING_CATALOG_GENERATE_SYMBOLS = YES;
				SWIFT_APPROACHABLE_CONCURRENCY = YES;
				SWIFT_DEFAULT_ACTOR_ISOLATION = MainActor;
				SWIFT_EMIT_LOC_STRINGS = YES;
				SWIFT_UPCOMING_FEATURE_MEMBER_IMPORT_VISIBILITY = YES;
				SWIFT_VERSION = 5.0;
				TARGETED_DEVICE_FAMILY = "1,2";
			};
			name = Release;
		};
		2678A5CE303DFB6400C1188B /* Debug */ = {
			isa = XCBuildConfiguration;
			buildSettings = {
				BUNDLE_LOADER = "$(TEST_HOST)";
				CODE_SIGN_STYLE = Automatic;
				CURRENT_PROJECT_VERSION = 1;
				GENERATE_INFOPLIST_FILE = YES;
				IPHONEOS_DEPLOYMENT_TARGET = 26.5;
				MARKETING_VERSION = 1.0;
				PRODUCT_BUNDLE_IDENTIFIER = com.kanishkgandecha.KueTests;
				PRODUCT_NAME = "$(TARGET_NAME)";
				STRING_CATALOG_GENERATE_SYMBOLS = NO;
				SWIFT_APPROACHABLE_CONCURRENCY = YES;
				SWIFT_EMIT_LOC_STRINGS = NO;
				SWIFT_UPCOMING_FEATURE_MEMBER_IMPORT_VISIBILITY = YES;
				SWIFT_VERSION = 5.0;
				TARGETED_DEVICE_FAMILY = "1,2";
				TEST_HOST = "$(BUILT_PRODUCTS_DIR)/Kue.app/$(BUNDLE_EXECUTABLE_FOLDER_PATH)/Kue";
			};
			name = Debug;
		};
		2678A5CF303DFB6400C1188B /* Release */ = {
			isa = XCBuildConfiguration;
			buildSettings = {
				BUNDLE_LOADER = "$(TEST_HOST)";
				CODE_SIGN_STYLE = Automatic;
				CURRENT_PROJECT_VERSION = 1;
				GENERATE_INFOPLIST_FILE = YES;
				IPHONEOS_DEPLOYMENT_TARGET = 26.5;
				MARKETING_VERSION = 1.0;
				PRODUCT_BUNDLE_IDENTIFIER = com.kanishkgandecha.KueTests;
				PRODUCT_NAME = "$(TARGET_NAME)";
				STRING_CATALOG_GENERATE_SYMBOLS = NO;
				SWIFT_APPROACHABLE_CONCURRENCY = YES;
				SWIFT_EMIT_LOC_STRINGS = NO;
				SWIFT_UPCOMING_FEATURE_MEMBER_IMPORT_VISIBILITY = YES;
				SWIFT_VERSION = 5.0;
				TARGETED_DEVICE_FAMILY = "1,2";
				TEST_HOST = "$(BUILT_PRODUCTS_DIR)/Kue.app/$(BUNDLE_EXECUTABLE_FOLDER_PATH)/Kue";
			};
			name = Release;
		};
		2678A5D1303DFB6400C1188B /* Debug */ = {
			isa = XCBuildConfiguration;
			buildSettings = {
				CODE_SIGN_STYLE = Automatic;
				CURRENT_PROJECT_VERSION = 1;
				GENERATE_INFOPLIST_FILE = YES;
				MARKETING_VERSION = 1.0;
				PRODUCT_BUNDLE_IDENTIFIER = com.kanishkgandecha.KueUITests;
				PRODUCT_NAME = "$(TARGET_NAME)";
				STRING_CATALOG_GENERATE_SYMBOLS = NO;
				SWIFT_APPROACHABLE_CONCURRENCY = YES;
				SWIFT_EMIT_LOC_STRINGS = NO;
				SWIFT_UPCOMING_FEATURE_MEMBER_IMPORT_VISIBILITY = YES;
				SWIFT_VERSION = 5.0;
				TARGETED_DEVICE_FAMILY = "1,2";
				TEST_TARGET_NAME = Kue;
			};
			name = Debug;
		};
		2678A5D2303DFB6400C1188B /* Release */ = {
			isa = XCBuildConfiguration;
			buildSettings = {
				CODE_SIGN_STYLE = Automatic;
				CURRENT_PROJECT_VERSION = 1;
				GENERATE_INFOPLIST_FILE = YES;
				MARKETING_VERSION = 1.0;
				PRODUCT_BUNDLE_IDENTIFIER = com.kanishkgandecha.KueUITests;
				PRODUCT_NAME = "$(TARGET_NAME)";
				STRING_CATALOG_GENERATE_SYMBOLS = NO;
				SWIFT_APPROACHABLE_CONCURRENCY = YES;
				SWIFT_EMIT_LOC_STRINGS = NO;
				SWIFT_UPCOMING_FEATURE_MEMBER_IMPORT_VISIBILITY = YES;
				SWIFT_VERSION = 5.0;
				TARGETED_DEVICE_FAMILY = "1,2";
				TEST_TARGET_NAME = Kue;
			};
			name = Release;
		};
		2D8901634C5584417FA7B108 /* Release */ = {
			isa = XCBuildConfiguration;
			buildSettings = {
				CODE_SIGN_ENTITLEMENTS = KueShare/KueShare.entitlements;
				CODE_SIGN_IDENTITY = "Apple Development";
				CODE_SIGN_STYLE = Automatic;
				CURRENT_PROJECT_VERSION = 1;
				DEVELOPMENT_TEAM = N77N525X68;
				GENERATE_INFOPLIST_FILE = YES;
				INFOPLIST_FILE = KueShare/Info.plist;
				INFOPLIST_KEY_CFBundleDisplayName = "Add to Kue";
				LD_RUNPATH_SEARCH_PATHS = (
					"$(inherited)",
					"@executable_path/Frameworks",
					"@executable_path/../../Frameworks",
				);
				MARKETING_VERSION = 1.0;
				PRODUCT_BUNDLE_IDENTIFIER = com.kanishkgandecha.Kue.KueShare;
				PRODUCT_NAME = "$(TARGET_NAME)";
				PROVISIONING_PROFILE_SPECIFIER = "";
				SKIP_INSTALL = YES;
				SWIFT_APPROACHABLE_CONCURRENCY = YES;
				SWIFT_DEFAULT_ACTOR_ISOLATION = MainActor;
				SWIFT_EMIT_LOC_STRINGS = YES;
				SWIFT_UPCOMING_FEATURE_MEMBER_IMPORT_VISIBILITY = YES;
				SWIFT_VERSION = 5.0;
				TARGETED_DEVICE_FAMILY = "1,2";
			};
			name = Release;
		};
		5FD3A49C6C214362AA6A0991 /* Debug */ = {
			isa = XCBuildConfiguration;
			buildSettings = {
				CODE_SIGN_ENTITLEMENTS = KueWidget/KueWidget.entitlements;
				CODE_SIGN_IDENTITY = "Apple Development";
				CODE_SIGN_STYLE = Automatic;
				CURRENT_PROJECT_VERSION = 1;
				DEVELOPMENT_TEAM = N77N525X68;
				GENERATE_INFOPLIST_FILE = YES;
				INFOPLIST_FILE = KueWidget/Info.plist;
				INFOPLIST_KEY_CFBundleDisplayName = KueWidget;
				LD_RUNPATH_SEARCH_PATHS = (
					"$(inherited)",
					"@executable_path/Frameworks",
					"@executable_path/../../Frameworks",
				);
				MARKETING_VERSION = 1.0;
				PRODUCT_BUNDLE_IDENTIFIER = com.kanishkgandecha.Kue.KueWidget;
				PRODUCT_NAME = "$(TARGET_NAME)";
				PROVISIONING_PROFILE_SPECIFIER = "";
				SKIP_INSTALL = YES;
				SWIFT_APPROACHABLE_CONCURRENCY = YES;
				SWIFT_DEFAULT_ACTOR_ISOLATION = MainActor;
				SWIFT_EMIT_LOC_STRINGS = YES;
				SWIFT_UPCOMING_FEATURE_MEMBER_IMPORT_VISIBILITY = YES;
				SWIFT_VERSION = 5.0;
				TARGETED_DEVICE_FAMILY = "1,2";
			};
			name = Debug;
		};
		780803DB8DD94D858E56759B /* Release */ = {
			isa = XCBuildConfiguration;
			buildSettings = {
				CODE_SIGN_ENTITLEMENTS = KueWidget/KueWidget.entitlements;
				CODE_SIGN_IDENTITY = "Apple Development";
				CODE_SIGN_STYLE = Automatic;
				CURRENT_PROJECT_VERSION = 1;
				DEVELOPMENT_TEAM = N77N525X68;
				GENERATE_INFOPLIST_FILE = YES;
				INFOPLIST_FILE = KueWidget/Info.plist;
				INFOPLIST_KEY_CFBundleDisplayName = KueWidget;
				LD_RUNPATH_SEARCH_PATHS = (
					"$(inherited)",
					"@executable_path/Frameworks",
					"@executable_path/../../Frameworks",
				);
				MARKETING_VERSION = 1.0;
				PRODUCT_BUNDLE_IDENTIFIER = com.kanishkgandecha.Kue.KueWidget;
				PRODUCT_NAME = "$(TARGET_NAME)";
				PROVISIONING_PROFILE_SPECIFIER = "";
				SKIP_INSTALL = YES;
				SWIFT_APPROACHABLE_CONCURRENCY = YES;
				SWIFT_DEFAULT_ACTOR_ISOLATION = MainActor;
				SWIFT_EMIT_LOC_STRINGS = YES;
				SWIFT_UPCOMING_FEATURE_MEMBER_IMPORT_VISIBILITY = YES;
				SWIFT_VERSION = 5.0;
				TARGETED_DEVICE_FAMILY = "1,2";
			};
			name = Release;
		};
		EC28B8DCDE854C723F9F6BE6 /* Debug */ = {
			isa = XCBuildConfiguration;
			buildSettings = {
				CODE_SIGN_ENTITLEMENTS = KueShare/KueShare.entitlements;
				CODE_SIGN_IDENTITY = "Apple Development";
				CODE_SIGN_STYLE = Automatic;
				CURRENT_PROJECT_VERSION = 1;
				DEVELOPMENT_TEAM = N77N525X68;
				GENERATE_INFOPLIST_FILE = YES;
				INFOPLIST_FILE = KueShare/Info.plist;
				INFOPLIST_KEY_CFBundleDisplayName = "Add to Kue";
				LD_RUNPATH_SEARCH_PATHS = (
					"$(inherited)",
					"@executable_path/Frameworks",
					"@executable_path/../../Frameworks",
				);
				MARKETING_VERSION = 1.0;
				PRODUCT_BUNDLE_IDENTIFIER = com.kanishkgandecha.Kue.KueShare;
				PRODUCT_NAME = "$(TARGET_NAME)";
				PROVISIONING_PROFILE_SPECIFIER = "";
				SKIP_INSTALL = YES;
				SWIFT_APPROACHABLE_CONCURRENCY = YES;
				SWIFT_DEFAULT_ACTOR_ISOLATION = MainActor;
				SWIFT_EMIT_LOC_STRINGS = YES;
				SWIFT_UPCOMING_FEATURE_MEMBER_IMPORT_VISIBILITY = YES;
				SWIFT_VERSION = 5.0;
				TARGETED_DEVICE_FAMILY = "1,2";
			};
			name = Debug;
		};
/* End XCBuildConfiguration section */

/* Begin XCConfigurationList section */
		2678A5A2303DFB6300C1188B /* Build configuration list for PBXProject "Kue" */ = {
			isa = XCConfigurationList;
			buildConfigurations = (
				2678A5C8303DFB6400C1188B /* Debug */,
				2678A5C9303DFB6400C1188B /* Release */,
			);
			defaultConfigurationIsVisible = 0;
			defaultConfigurationName = Release;
		};
		2678A5CA303DFB6400C1188B /* Build configuration list for PBXNativeTarget "Kue" */ = {
			isa = XCConfigurationList;
			buildConfigurations = (
				2678A5CB303DFB6400C1188B /* Debug */,
				2678A5CC303DFB6400C1188B /* Release */,
			);
			defaultConfigurationIsVisible = 0;
			defaultConfigurationName = Release;
		};
		2678A5CD303DFB6400C1188B /* Build configuration list for PBXNativeTarget "KueTests" */ = {
			isa = XCConfigurationList;
			buildConfigurations = (
				2678A5CE303DFB6400C1188B /* Debug */,
				2678A5CF303DFB6400C1188B /* Release */,
			);
			defaultConfigurationIsVisible = 0;
			defaultConfigurationName = Release;
		};
		2678A5D0303DFB6400C1188B /* Build configuration list for PBXNativeTarget "KueUITests" */ = {
			isa = XCConfigurationList;
			buildConfigurations = (
				2678A5D1303DFB6400C1188B /* Debug */,
				2678A5D2303DFB6400C1188B /* Release */,
			);
			defaultConfigurationIsVisible = 0;
			defaultConfigurationName = Release;
		};
		68044CB40E3A42142F7ACB9F /* Build configuration list for PBXNativeTarget "KueShare" */ = {
			isa = XCConfigurationList;
			buildConfigurations = (
				EC28B8DCDE854C723F9F6BE6 /* Debug */,
				2D8901634C5584417FA7B108 /* Release */,
			);
			defaultConfigurationIsVisible = 0;
			defaultConfigurationName = Release;
		};
		E7670B6C18E1495D9F16A4BF /* Build configuration list for PBXNativeTarget "KueWidget" */ = {
			isa = XCConfigurationList;
			buildConfigurations = (
				5FD3A49C6C214362AA6A0991 /* Debug */,
				780803DB8DD94D858E56759B /* Release */,
			);
			defaultConfigurationIsVisible = 0;
			defaultConfigurationName = Release;
		};
/* End XCConfigurationList section */
	};
	rootObject = 2678A59F303DFB6300C1188B /* Project object */;
}
